
Microsoft Visual Studio Solution File, Format Version 12.00
# Visual Studio Version 17
VisualStudioVersion = 17.7.34221.43
MinimumVisualStudioVersion = 10.0.40219.1
Project("{9A19103F-16F7-4668-BE54-9A1E7A4F7556}") = "Front1", "Front1\Front1.csproj", "{8E95C8AE-3453-46FB-8823-50BCC28E8C6D}"
EndProject
Project("{FAE04EC0-301F-11D3-BF4B-00C04F79EFBC}") = "RRP3", "RRP3\RRP3.csproj", "{28DCF5B5-98CC-4375-AF2B-7B00384C77CE}"
EndProject
Global
	GlobalSection(SolutionConfigurationPlatforms) = preSolution
		Debug|Any CPU = Debug|Any CPU
		Release|Any CPU = Release|Any CPU
	EndGlobalSection
	GlobalSection(ProjectConfigurationPlatforms) = postSolution
		{8E95C8AE-3453-46FB-8823-50BCC28E8C6D}.Debug|Any CPU.ActiveCfg = Debug|Any CPU
		{8E95C8AE-3453-46FB-8823-50BCC28E8C6D}.Debug|Any CPU.Build.0 = Debug|Any CPU
		{8E95C8AE-3453-46FB-8823-50BCC28E8C6D}.Release|Any CPU.ActiveCfg = Release|Any CPU
		{8E95C8AE-3453-46FB-8823-50BCC28E8C6D}.Release|Any CPU.Build.0 = Release|Any CPU
		{28DCF5B5-98CC-4375-AF2B-7B00384C77CE}.Debug|Any CPU.ActiveCfg = Debug|Any CPU
		{28DCF5B5-98CC-4375-AF2B-7B00384C77CE}.Debug|Any CPU.Build.0 = Debug|Any CPU
		{28DCF5B5-98CC-4375-AF2B-7B00384C77CE}.Release|Any CPU.ActiveCfg = Release|Any CPU
		{28DCF5B5-98CC-4375-AF2B-7B00384C77CE}.Release|Any CPU.Build.0 = Release|Any CPU
	EndGlobalSection
	GlobalSection(SolutionProperties) = preSolution
		HideSolutionNode = FALSE
	EndGlobalSection
	GlobalSection(ExtensibilityGlobals) = postSolution
		SolutionGuid = {D5B524ED-3BB8-4542-963E-116FF0EBAE31}
	EndGlobalSection
EndGlobal
